#MicroXplorer Configuration settings - do not modify
File.Version=5
KeepUserPlacement=true
Mcu.Family=STM32F0
Mcu.IP0=NVIC
Mcu.IP1=RCC
Mcu.IP2=RTC
Mcu.IP3=SYS
Mcu.IPNb=4
Mcu.Name=STM32F030R8Tx
Mcu.Package=LQFP64
Mcu.Pin0=PC13
Mcu.Pin1=PC8
Mcu.Pin2=PC9
Mcu.Pin3=PA13
Mcu.Pin4=PA14
Mcu.PinsNb=5
Mcu.UserConstants=
Mcu.UserName=STM32F030R8Tx
MxCube.Version=4.10.0
MxDb.Version=DB.4.0.100
NVIC.SysTick_IRQn=true\:0\:0\:false
PA13.GPIOParameters=GPIO_Label
PA13.GPIO_Label=SWDIO
PA13.Locked=true
PA13.Mode=Serial-WireDebug
PA13.Signal=SYS_SWDIO
PA14.GPIOParameters=GPIO_Label
PA14.GPIO_Label=SWCLK
PA14.Locked=true
PA14.Mode=Serial-WireDebug
PA14.Signal=SYS_SWCLK
PC13.Mode=Alarm A
PC13.Signal=RTC_OUT_ALARM
PC8.GPIOParameters=GPIO_Speed,GPIO_PuPd,GPIO_Label,GPIO_ModeDefaultOutputPP
PC8.GPIO_Label=LD4 [Blue Led]
PC8.GPIO_ModeDefaultOutputPP=GPIO_MODE_OUTPUT_PP
PC8.GPIO_PuPd=GPIO_NOPULL
PC8.GPIO_Speed=GPIO_SPEED_LOW
PC8.Locked=true
PC8.Signal=GPIO_Output
PC9.GPIOParameters=GPIO_Speed,GPIO_PuPd,GPIO_Label,GPIO_ModeDefaultOutputPP
PC9.GPIO_Label=LD3 [Green Led]
PC9.GPIO_ModeDefaultOutputPP=GPIO_MODE_OUTPUT_PP
PC9.GPIO_PuPd=GPIO_NOPULL
PC9.GPIO_Speed=GPIO_SPEED_LOW
PC9.Locked=true
PC9.Signal=GPIO_Output
PCC.Checker=false
PCC.Line=STM32F0x0 Value Line
PCC.MCU=STM32F030R8Tx
PCC.MXVersion=4.10.0
PCC.PartNumber=STM32F030R8Tx
PCC.Seq0=0
PCC.Series=STM32F0
PCC.Temperature=25
PCC.Vdd=3.6
ProjectManager.AskForMigrate=true
ProjectManager.BackupPrevious=false
ProjectManager.CompilerOptimize=2
ProjectManager.ComputerToolchain=false
ProjectManager.CoupleFile=false
ProjectManager.DeletePrevious=true
ProjectManager.DeviceId=STM32F030R8Tx
ProjectManager.FirmwarePackage=STM32Cube FW_F0 V1.3.0
ProjectManager.FreePins=false
ProjectManager.HalAssertFull=false
ProjectManager.KeepUserCode=true
ProjectManager.LastFirmware=true
ProjectManager.LibraryCopy=1
ProjectManager.ProjectBuild=false
ProjectManager.ProjectFileName=rtc_test.ioc
ProjectManager.ProjectName=rtc_test
ProjectManager.TargetToolchain=MDK-ARM V5
ProjectManager.ToolChainLocation=
RCC.AHBFreq_Value=48000000
RCC.APB1CLKDivider=RCC_HCLK_DIV2
RCC.APB1Freq_Value=24000000
RCC.APB1TimFreq_Value=48000000
RCC.DATA_CACHE_ENABLE=1
RCC.FCLKCortexFreq_Value=48000000
RCC.FamilyName=M
RCC.HCLKFreq_Value=48000000
RCC.INSTRUCTION_CACHE_ENABLE=1
RCC.IPParameters=FamilyName,PLLMUL,PLLCLKFreq_Value,PLLMCOFreq_Value,HCLKFreq_Value,AHBFreq_Value,FCLKCortexFreq_Value,TimSysFreq_Value,APB1TimFreq_Value,APB1Freq_Value,MCOFreq_Value,SYSCLKFreq_VALUE,USART1Freq_Value,RTCFreq_Value,SYSCLKSource,INSTRUCTION_CACHE_ENABLE,DATA_CACHE_ENABLE,APB1CLKDivider
RCC.MCOFreq_Value=48000000
RCC.PLLCLKFreq_Value=48000000
RCC.PLLMCOFreq_Value=24000000
RCC.PLLMUL=RCC_PLL_MUL12
RCC.RTCFreq_Value=40000
RCC.SYSCLKFreq_VALUE=48000000
RCC.SYSCLKSource=RCC_SYSCLKSOURCE_PLLCLK
RCC.TimSysFreq_Value=48000000
RCC.USART1Freq_Value=24000000
RTC.AlarmDateWeekDaySel=RTC_ALARMDATEWEEKDAYSEL_WEEKDAY
RTC.Date=5
RTC.Format=FORMAT_BIN
RTC.HourFormat=RTC_HOURFORMAT_12
RTC.Hours=3
RTC.Hours_A=12
RTC.IPParameters=HourFormat,Hours,TimeFormat,WeekDay,Month,Date,Year,Hours_A,AlarmDateWeekDaySel,Format
RTC.Month=RTC_MONTH_MARCH
RTC.TimeFormat=RTC_HOURFORMAT12_PM
RTC.WeekDay=RTC_WEEKDAY_SUNDAY
RTC.Year=16
board=STM32F0308-DISCO
boardIOC=true
